// !$*UTF8*$!
{
	archiveVersion = 1;
	classes = {
	};
	objectVersion = 48;
	objects = {

/* Begin PBXBuildFile section */
		59010C3222A56E6A00D34B69 /* BoardModel.swift in Sources */ = {isa = PBXBuildFile; fileRef = 59010C3122A56E6A00D34B69 /* BoardModel.swift */; };
		59174F1022A7644B00F9B429 /* ScoreTableViewController.swift in Sources */ = {isa = PBXBuildFile; fileRef = 59174F0F22A7644B00F9B429 /* ScoreTableViewController.swift */; };
		591E2CDE22A37DF800B364F3 /* RoundButton.swift in Sources */ = {isa = PBXBuildFile; fileRef = 591E2CDD22A37DF800B364F3 /* RoundButton.swift */; };
		591E2CE022A385FD00B364F3 /* HomeScreenController.swift in Sources */ = {isa = PBXBuildFile; fileRef = 591E2CDF22A385FD00B364F3 /* HomeScreenController.swift */; };
		591E2CE222A39CE400B364F3 /* RowstackController.swift in Sources */ = {isa = PBXBuildFile; fileRef = 591E2CE122A39CE400B364F3 /* RowstackController.swift */; };
		591E2CE422A3A24600B364F3 /* ColumnStackController.swift in Sources */ = {isa = PBXBuildFile; fileRef = 591E2CE322A3A24600B364F3 /* ColumnStackController.swift */; };
		591E2CE722A3AE8C00B364F3 /* Tile.swift in Sources */ = {isa = PBXBuildFile; fileRef = 591E2CE522A3AE8C00B364F3 /* Tile.swift */; };
		591E2CE822A3AE8C00B364F3 /* TileControl.swift in Sources */ = {isa = PBXBuildFile; fileRef = 591E2CE622A3AE8C00B364F3 /* TileControl.swift */; };
		5954B97322A95BEA003D966E /* AboutUsViewController.swift in Sources */ = {isa = PBXBuildFile; fileRef = 5954B97222A95BEA003D966E /* AboutUsViewController.swift */; };
		5954B97722A96405003D966E /* HowToPlayViewController.swift in Sources */ = {isa = PBXBuildFile; fileRef = 5954B97622A96405003D966E /* HowToPlayViewController.swift */; };
		596E46B622A2C58A00DD08FA /* AppDelegate.swift in Sources */ = {isa = PBXBuildFile; fileRef = 596E46B522A2C58A00DD08FA /* AppDelegate.swift */; };
		596E46B822A2C58A00DD08FA /* GameViewController.swift in Sources */ = {isa = PBXBuildFile; fileRef = 596E46B722A2C58A00DD08FA /* GameViewController.swift */; };
		596E46BB22A2C58A00DD08FA /* Main.storyboard in Resources */ = {isa = PBXBuildFile; fileRef = 596E46B922A2C58A00DD08FA /* Main.storyboard */; };
		596E46BD22A2C58A00DD08FA /* Assets.xcassets in Resources */ = {isa = PBXBuildFile; fileRef = 596E46BC22A2C58A00DD08FA /* Assets.xcassets */; };
		596E46C022A2C58A00DD08FA /* LaunchScreen.storyboard in Resources */ = {isa = PBXBuildFile; fileRef = 596E46BE22A2C58A00DD08FA /* LaunchScreen.storyboard */; };
		596E46CB22A2C58A00DD08FA /* gameTests.swift in Sources */ = {isa = PBXBuildFile; fileRef = 596E46CA22A2C58A00DD08FA /* gameTests.swift */; };
		59B9DD2622A7A7B6000EF01D /* AlertController.swift in Sources */ = {isa = PBXBuildFile; fileRef = 59B9DD2522A7A7B6000EF01D /* AlertController.swift */; };
/* End PBXBuildFile section */

/* Begin PBXContainerItemProxy section */
		596E46C722A2C58A00DD08FA /* PBXContainerItemProxy */ = {
			isa = PBXContainerItemProxy;
			containerPortal = 596E46AA22A2C58A00DD08FA /* Project object */;
			proxyType = 1;
			remoteGlobalIDString = 596E46B122A2C58A00DD08FA;
			remoteInfo = game;
		};
/* End PBXContainerItemProxy section */

/* Begin PBXFileReference section */
		59010C3122A56E6A00D34B69 /* BoardModel.swift */ = {isa = PBXFileReference; fileEncoding = 4; lastKnownFileType = sourcecode.swift; path = BoardModel.swift; sourceTree = "<group>"; };
		59174F0F22A7644B00F9B429 /* ScoreTableViewController.swift */ = {isa = PBXFileReference; lastKnownFileType = sourcecode.swift; path = ScoreTableViewController.swift; sourceTree = "<group>"; };
		591E2CDD22A37DF800B364F3 /* RoundButton.swift */ = {isa = PBXFileReference; lastKnownFileType = sourcecode.swift; path = RoundButton.swift; sourceTree = "<group>"; };
		591E2CDF22A385FD00B364F3 /* HomeScreenController.swift */ = {isa = PBXFileReference; lastKnownFileType = sourcecode.swift; path = HomeScreenController.swift; sourceTree = "<group>"; };
		591E2CE122A39CE400B364F3 /* RowstackController.swift */ = {isa = PBXFileReference; fileEncoding = 4; lastKnownFileType = sourcecode.swift; path = RowstackController.swift; sourceTree = "<group>"; };
		591E2CE322A3A24600B364F3 /* ColumnStackController.swift */ = {isa = PBXFileReference; fileEncoding = 4; lastKnownFileType = sourcecode.swift; path = ColumnStackController.swift; sourceTree = "<group>"; };
		591E2CE522A3AE8C00B364F3 /* Tile.swift */ = {isa = PBXFileReference; fileEncoding = 4; lastKnownFileType = sourcecode.swift; path = Tile.swift; sourceTree = "<group>"; };
		591E2CE622A3AE8C00B364F3 /* TileControl.swift */ = {isa = PBXFileReference; fileEncoding = 4; lastKnownFileType = sourcecode.swift; path = TileControl.swift; sourceTree = "<group>"; };
		5954B97222A95BEA003D966E /* AboutUsViewController.swift */ = {isa = PBXFileReference; lastKnownFileType = sourcecode.swift; path = AboutUsViewController.swift; sourceTree = "<group>"; };
		5954B97622A96405003D966E /* HowToPlayViewController.swift */ = {isa = PBXFileReference; lastKnownFileType = sourcecode.swift; path = HowToPlayViewController.swift; sourceTree = "<group>"; };
		596E46B222A2C58A00DD08FA /* game.app */ = {isa = PBXFileReference; explicitFileType = wrapper.application; includeInIndex = 0; path = game.app; sourceTree = BUILT_PRODUCTS_DIR; };
		596E46B522A2C58A00DD08FA /* AppDelegate.swift */ = {isa = PBXFileReference; lastKnownFileType = sourcecode.swift; path = AppDelegate.swift; sourceTree = "<group>"; };
		596E46B722A2C58A00DD08FA /* GameViewController.swift */ = {isa = PBXFileReference; lastKnownFileType = sourcecode.swift; path = GameViewController.swift; sourceTree = "<group>"; };
		596E46BA22A2C58A00DD08FA /* Base */ = {isa = PBXFileReference; lastKnownFileType = file.storyboard; name = Base; path = Base.lproj/Main.storyboard; sourceTree = "<group>"; };
		596E46BC22A2C58A00DD08FA /* Assets.xcassets */ = {isa = PBXFileReference; lastKnownFileType = folder.assetcatalog; path = Assets.xcassets; sourceTree = "<group>"; };
		596E46BF22A2C58A00DD08FA /* Base */ = {isa = PBXFileReference; lastKnownFileType = file.storyboard; name = Base; path = Base.lproj/LaunchScreen.storyboard; sourceTree = "<group>"; };
		596E46C122A2C58A00DD08FA /* Info.plist */ = {isa = PBXFileReference; lastKnownFileType = text.plist.xml; path = Info.plist; sourceTree = "<group>"; };
		596E46C622A2C58A00DD08FA /* gameTests.xctest */ = {isa = PBXFileReference; explicitFileType = wrapper.cfbundle; includeInIndex = 0; path = gameTests.xctest; sourceTree = BUILT_PRODUCTS_DIR; };
		596E46CA22A2C58A00DD08FA /* gameTests.swift */ = {isa = PBXFileReference; lastKnownFileType = sourcecode.swift; path = gameTests.swift; sourceTree = "<group>"; };
		596E46CC22A2C58B00DD08FA /* Info.plist */ = {isa = PBXFileReference; lastKnownFileType = text.plist.xml; path = Info.plist; sourceTree = "<group>"; };
		59B9DD2522A7A7B6000EF01D /* AlertController.swift */ = {isa = PBXFileReference; lastKnownFileType = sourcecode.swift; path = AlertController.swift; sourceTree = "<group>"; };
/* End PBXFileReference section */

/* Begin PBXFrameworksBuildPhase section */
		596E46AF22A2C58A00DD08FA /* Frameworks */ = {
			isa = PBXFrameworksBuildPhase;
			buildActionMask = 2147483647;
			files = (
			);
			runOnlyForDeploymentPostprocessing = 0;
		};
		596E46C322A2C58A00DD08FA /* Frameworks */ = {
			isa = PBXFrameworksBuildPhase;
			buildActionMask = 2147483647;
			files = (
			);
			runOnlyForDeploymentPostprocessing = 0;
		};
/* End PBXFrameworksBuildPhase section */

/* Begin PBXGroup section */
		596E46A922A2C58A00DD08FA = {
			isa = PBXGroup;
			children = (
				596E46B422A2C58A00DD08FA /* game */,
				596E46C922A2C58A00DD08FA /* gameTests */,
				596E46B322A2C58A00DD08FA /* Products */,
			);
			sourceTree = "<group>";
		};
		596E46B322A2C58A00DD08FA /* Products */ = {
			isa = PBXGroup;
			children = (
				596E46B222A2C58A00DD08FA /* game.app */,
				596E46C622A2C58A00DD08FA /* gameTests.xctest */,
			);
			name = Products;
			sourceTree = "<group>";
		};
		596E46B422A2C58A00DD08FA /* game */ = {
			isa = PBXGroup;
			children = (
				59010C3122A56E6A00D34B69 /* BoardModel.swift */,
				591E2CE522A3AE8C00B364F3 /* Tile.swift */,
				591E2CE622A3AE8C00B364F3 /* TileControl.swift */,
				591E2CE322A3A24600B364F3 /* ColumnStackController.swift */,
				591E2CE122A39CE400B364F3 /* RowstackController.swift */,
				596E46B522A2C58A00DD08FA /* AppDelegate.swift */,
				596E46B722A2C58A00DD08FA /* GameViewController.swift */,
				596E46B922A2C58A00DD08FA /* Main.storyboard */,
				591E2CDF22A385FD00B364F3 /* HomeScreenController.swift */,
				591E2CDD22A37DF800B364F3 /* RoundButton.swift */,
				596E46BC22A2C58A00DD08FA /* Assets.xcassets */,
				596E46BE22A2C58A00DD08FA /* LaunchScreen.storyboard */,
				596E46C122A2C58A00DD08FA /* Info.plist */,
				59174F0F22A7644B00F9B429 /* ScoreTableViewController.swift */,
				59B9DD2522A7A7B6000EF01D /* AlertController.swift */,
				5954B97222A95BEA003D966E /* AboutUsViewController.swift */,
				5954B97622A96405003D966E /* HowToPlayViewController.swift */,
			);
			path = game;
			sourceTree = "<group>";
		};
		596E46C922A2C58A00DD08FA /* gameTests */ = {
			isa = PBXGroup;
			children = (
				596E46CA22A2C58A00DD08FA /* gameTests.swift */,
				596E46CC22A2C58B00DD08FA /* Info.plist */,
			);
			path = gameTests;
			sourceTree = "<group>";
		};
/* End PBXGroup section */

/* Begin PBXNativeTarget section */
		596E46B122A2C58A00DD08FA /* game */ = {
			isa = PBXNativeTarget;
			buildConfigurationList = 596E46CF22A2C58B00DD08FA /* Build configuration list for PBXNativeTarget "game" */;
			buildPhases = (
				596E46AE22A2C58A00DD08FA /* Sources */,
				596E46AF22A2C58A00DD08FA /* Frameworks */,
				596E46B022A2C58A00DD08FA /* Resources */,
			);
			buildRules = (
			);
			dependencies = (
			);
			name = game;
			productName = game;
			productReference = 596E46B222A2C58A00DD08FA /* game.app */;
			productType = "com.apple.product-type.application";
		};
		596E46C522A2C58A00DD08FA /* gameTests */ = {
			isa = PBXNativeTarget;
			buildConfigurationList = 596E46D222A2C58B00DD08FA /* Build configuration list for PBXNativeTarget "gameTests" */;
			buildPhases = (
				596E46C222A2C58A00DD08FA /* Sources */,
				596E46C322A2C58A00DD08FA /* Frameworks */,
				596E46C422A2C58A00DD08FA /* Resources */,
			);
			buildRules = (
			);
			dependencies = (
				596E46C822A2C58A00DD08FA /* PBXTargetDependency */,
			);
			name = gameTests;
			productName = gameTests;
			productReference = 596E46C622A2C58A00DD08FA /* gameTests.xctest */;
			productType = "com.apple.product-type.bundle.unit-test";
		};
/* End PBXNativeTarget section */

/* Begin PBXProject section */
		596E46AA22A2C58A00DD08FA /* Project object */ = {
			isa = PBXProject;
			attributes = {
				LastSwiftUpdateCheck = 0900;
				LastUpgradeCheck = 0900;
				ORGANIZATIONNAME = "CNTT-TDC";
				TargetAttributes = {
					596E46B122A2C58A00DD08FA = {
						CreatedOnToolsVersion = 9.0;
						ProvisioningStyle = Automatic;
					};
					596E46C522A2C58A00DD08FA = {
						CreatedOnToolsVersion = 9.0;
						ProvisioningStyle = Automatic;
						TestTargetID = 596E46B122A2C58A00DD08FA;
					};
				};
			};
			buildConfigurationList = 596E46AD22A2C58A00DD08FA /* Build configuration list for PBXProject "game" */;
			compatibilityVersion = "Xcode 8.0";
			developmentRegion = en;
			hasScannedForEncodings = 0;
			knownRegions = (
				en,
				Base,
			);
			mainGroup = 596E46A922A2C58A00DD08FA;
			productRefGroup = 596E46B322A2C58A00DD08FA /* Products */;
			projectDirPath = "";
			projectRoot = "";
			targets = (
				596E46B122A2C58A00DD08FA /* game */,
				596E46C522A2C58A00DD08FA /* gameTests */,
			);
		};
/* End PBXProject section */

/* Begin PBXResourcesBuildPhase section */
		596E46B022A2C58A00DD08FA /* Resources */ = {
			isa = PBXResourcesBuildPhase;
			buildActionMask = 2147483647;
			files = (
				596E46C022A2C58A00DD08FA /* LaunchScreen.storyboard in Resources */,
				596E46BD22A2C58A00DD08FA /* Assets.xcassets in Resources */,
				596E46BB22A2C58A00DD08FA /* Main.storyboard in Resources */,
			);
			runOnlyForDeploymentPostprocessing = 0;
		};
		596E46C422A2C58A00DD08FA /* Resources */ = {
			isa = PBXResourcesBuildPhase;
			buildActionMask = 2147483647;
			files = (
			);
			runOnlyForDeploymentPostprocessing = 0;
		};
/* End PBXResourcesBuildPhase section */

/* Begin PBXSourcesBuildPhase section */
		596E46AE22A2C58A00DD08FA /* Sources */ = {
			isa = PBXSourcesBuildPhase;
			buildActionMask = 2147483647;
			files = (
				591E2CDE22A37DF800B364F3 /* RoundButton.swift in Sources */,
				591E2CE222A39CE400B364F3 /* RowstackController.swift in Sources */,
				596E46B822A2C58A00DD08FA /* GameViewController.swift in Sources */,
				591E2CE822A3AE8C00B364F3 /* TileControl.swift in Sources */,
				5954B97322A95BEA003D966E /* AboutUsViewController.swift in Sources */,
				591E2CE722A3AE8C00B364F3 /* Tile.swift in Sources */,
				591E2CE022A385FD00B364F3 /* HomeScreenController.swift in Sources */,
				59010C3222A56E6A00D34B69 /* BoardModel.swift in Sources */,
				596E46B622A2C58A00DD08FA /* AppDelegate.swift in Sources */,
				59B9DD2622A7A7B6000EF01D /* AlertController.swift in Sources */,
				59174F1022A7644B00F9B429 /* ScoreTableViewController.swift in Sources */,
				591E2CE422A3A24600B364F3 /* ColumnStackController.swift in Sources */,
				5954B97722A96405003D966E /* HowToPlayViewController.swift in Sources */,
			);
			runOnlyForDeploymentPostprocessing = 0;
		};
		596E46C222A2C58A00DD08FA /* Sources */ = {
			isa = PBXSourcesBuildPhase;
			buildActionMask = 2147483647;
			files = (
				596E46CB22A2C58A00DD08FA /* gameTests.swift in Sources */,
			);
			runOnlyForDeploymentPostprocessing = 0;
		};
/* End PBXSourcesBuildPhase section */

/* Begin PBXTargetDependency section */
		596E46C822A2C58A00DD08FA /* PBXTargetDependency */ = {
			isa = PBXTargetDependency;
			target = 596E46B122A2C58A00DD08FA /* game */;
			targetProxy = 596E46C722A2C58A00DD08FA /* PBXContainerItemProxy */;
		};
/* End PBXTargetDependency section */

/* Begin PBXVariantGroup section */
		596E46B922A2C58A00DD08FA /* Main.storyboard */ = {
			isa = PBXVariantGroup;
			children = (
				596E46BA22A2C58A00DD08FA /* Base */,
			);
			name = Main.storyboard;
			sourceTree = "<group>";
		};
		596E46BE22A2C58A00DD08FA /* LaunchScreen.storyboard */ = {
			isa = PBXVariantGroup;
			children = (
				596E46BF22A2C58A00DD08FA /* Base */,
			);
			name = LaunchScreen.storyboard;
			sourceTree = "<group>";
		};
/* End PBXVariantGroup section */

/* Begin XCBuildConfiguration section */
		596E46CD22A2C58B00DD08FA /* Debug */ = {
			isa = XCBuildConfiguration;
			buildSettings = {
				ALWAYS_SEARCH_USER_PATHS = NO;
				CLANG_ANALYZER_NONNULL = YES;
				CLANG_ANALYZER_NUMBER_OBJECT_CONVERSION = YES_AGGRESSIVE;
				CLANG_CXX_LANGUAGE_STANDARD = "gnu++14";
				CLANG_CXX_LIBRARY = "libc++";
				CLANG_ENABLE_MODULES = YES;
				CLANG_ENABLE_OBJC_ARC = YES;
				CLANG_WARN_BLOCK_CAPTURE_AUTORELEASING = YES;
				CLANG_WARN_BOOL_CONVERSION = YES;
				CLANG_WARN_COMMA = YES;
				CLANG_WARN_CONSTANT_CONVERSION = YES;
				CLANG_WARN_DIRECT_OBJC_ISA_USAGE = YES_ERROR;
				CLANG_WARN_DOCUMENTATION_COMMENTS = YES;
				CLANG_WARN_EMPTY_BODY = YES;
				CLANG_WARN_ENUM_CONVERSION = YES;
				CLANG_WARN_INFINITE_RECURSION = YES;
				CLANG_WARN_INT_CONVERSION = YES;
				CLANG_WARN_NON_LITERAL_NULL_CONVERSION = YES;
				CLANG_WARN_OBJC_LITERAL_CONVERSION = YES;
				CLANG_WARN_OBJC_ROOT_CLASS = YES_ERROR;
				CLANG_WARN_RANGE_LOOP_ANALYSIS = YES;
				CLANG_WARN_STRICT_PROTOTYPES = YES;
				CLANG_WARN_SUSPICIOUS_MOVE = YES;
				CLANG_WARN_UNGUARDED_AVAILABILITY = YES_AGGRESSIVE;
				CLANG_WARN_UNREACHABLE_CODE = YES;
				CLANG_WARN__DUPLICATE_METHOD_MATCH = YES;
				CODE_SIGN_IDENTITY = "iPhone Developer";
				COPY_PHASE_STRIP = NO;
				DEBUG_INFORMATION_FORMAT = dwarf;
				ENABLE_STRICT_OBJC_MSGSEND = YES;
				ENABLE_TESTABILITY = YES;
				GCC_C_LANGUAGE_STANDARD = gnu11;
				GCC_DYNAMIC_NO_PIC = NO;
				GCC_NO_COMMON_BLOCKS = YES;
				GCC_OPTIMIZATION_LEVEL = 0;
				GCC_PREPROCESSOR_DEFINITIONS = (
					"DEBUG=1",
					"$(inherited)",
				);
				GCC_WARN_64_TO_32_BIT_CONVERSION = YES;
				GCC_WARN_ABOUT_RETURN_TYPE = YES_ERROR;
				GCC_WARN_UNDECLARED_SELECTOR = YES;
				GCC_WARN_UNINITIALIZED_AUTOS = YES_AGGRESSIVE;
				GCC_WARN_UNUSED_FUNCTION = YES;
				GCC_WARN_UNUSED_VARIABLE = YES;
				IPHONEOS_DEPLOYMENT_TARGET = 11.0;
				MTL_ENABLE_DEBUG_INFO = YES;
				ONLY_ACTIVE_ARCH = YES;
				SDKROOT = iphoneos;
				SWIFT_ACTIVE_COMPILATION_CONDITIONS = DEBUG;
				SWIFT_OPTIMIZATION_LEVEL = "-Onone";
			};
			name = Debug;
		};
		596E46CE22A2C58B00DD08FA /* Release */ = {
			isa = XCBuildConfiguration;
			buildSettings = {
				ALWAYS_SEARCH_USER_PATHS = NO;
				CLANG_ANALYZER_NONNULL = YES;
				CLANG_ANALYZER_NUMBER_OBJECT_CONVERSION = YES_AGGRESSIVE;
				CLANG_CXX_LANGUAGE_STANDARD = "gnu++14";
				CLANG_CXX_LIBRARY = "libc++";
				CLANG_ENABLE_MODULES = YES;
				CLANG_ENABLE_OBJC_ARC = YES;
				CLANG_WARN_BLOCK_CAPTURE_AUTORELEASING = YES;
				CLANG_WARN_BOOL_CONVERSION = YES;
				CLANG_WARN_COMMA = YES;
				CLANG_WARN_CONSTANT_CONVERSION = YES;
				CLANG_WARN_DIRECT_OBJC_ISA_USAGE = YES_ERROR;
				CLANG_WARN_DOCUMENTATION_COMMENTS = YES;
				CLANG_WARN_EMPTY_BODY = YES;
				CLANG_WARN_ENUM_CONVERSION = YES;
				CLANG_WARN_INFINITE_RECURSION = YES;
				CLANG_WARN_INT_CONVERSION = YES;
				CLANG_WARN_NON_LITERAL_NULL_CONVERSION = YES;
				CLANG_WARN_OBJC_LITERAL_CONVERSION = YES;
				CLANG_WARN_OBJC_ROOT_CLASS = YES_ERROR;
				CLANG_WARN_RANGE_LOOP_ANALYSIS = YES;
				CLANG_WARN_STRICT_PROTOTYPES = YES;
				CLANG_WARN_SUSPICIOUS_MOVE = YES;
				CLANG_WARN_UNGUARDED_AVAILABILITY = YES_AGGRESSIVE;
				CLANG_WARN_UNREACHABLE_CODE = YES;
				CLANG_WARN__DUPLICATE_METHOD_MATCH = YES;
				CODE_SIGN_IDENTITY = "iPhone Developer";
				COPY_PHASE_STRIP = NO;
				DEBUG_INFORMATION_FORMAT = "dwarf-with-dsym";
				ENABLE_NS_ASSERTIONS = NO;
				ENABLE_STRICT_OBJC_MSGSEND = YES;
				GCC_C_LANGUAGE_STANDARD = gnu11;
				GCC_NO_COMMON_BLOCKS = YES;
				GCC_WARN_64_TO_32_BIT_CONVERSION = YES;
				GCC_WARN_ABOUT_RETURN_TYPE = YES_ERROR;
				GCC_WARN_UNDECLARED_SELECTOR = YES;
				GCC_WARN_UNINITIALIZED_AUTOS = YES_AGGRESSIVE;
				GCC_WARN_UNUSED_FUNCTION = YES;
				GCC_WARN_UNUSED_VARIABLE = YES;
				IPHONEOS_DEPLOYMENT_TARGET = 11.0;
				MTL_ENABLE_DEBUG_INFO = NO;
				SDKROOT = iphoneos;
				SWIFT_OPTIMIZATION_LEVEL = "-Owholemodule";
				VALIDATE_PRODUCT = YES;
			};
			name = Release;
		};
		596E46D022A2C58B00DD08FA /* Debug */ = {
			isa = XCBuildConfiguration;
			buildSettings = {
				ASSETCATALOG_COMPILER_APPICON_NAME = AppIcon;
				CODE_SIGN_STYLE = Automatic;
				INFOPLIST_FILE = game/Info.plist;
				LD_RUNPATH_SEARCH_PATHS = "$(inherited) @executable_path/Frameworks";
				PRODUCT_BUNDLE_IDENTIFIER = tdc.edu.vn.game;
				PRODUCT_NAME = "$(TARGET_NAME)";
				SWIFT_VERSION = 4.0;
				TARGETED_DEVICE_FAMILY = "1,2";
			};
			name = Debug;
		};
		596E46D122A2C58B00DD08FA /* Release */ = {
			isa = XCBuildConfiguration;
			buildSettings = {
				ASSETCATALOG_COMPILER_APPICON_NAME = AppIcon;
				CODE_SIGN_STYLE = Automatic;
				INFOPLIST_FILE = game/Info.plist;
				LD_RUNPATH_SEARCH_PATHS = "$(inherited) @executable_path/Frameworks";
				PRODUCT_BUNDLE_IDENTIFIER = tdc.edu.vn.game;
				PRODUCT_NAME = "$(TARGET_NAME)";
				SWIFT_VERSION = 4.0;
				TARGETED_DEVICE_FAMILY = "1,2";
			};
			name = Release;
		};
		596E46D322A2C58B00DD08FA /* Debug */ = {
			isa = XCBuildConfiguration;
			buildSettings = {
				ALWAYS_EMBED_SWIFT_STANDARD_LIBRARIES = YES;
				BUNDLE_LOADER = "$(TEST_HOST)";
				CODE_SIGN_STYLE = Automatic;
				INFOPLIST_FILE = gameTests/Info.plist;
				LD_RUNPATH_SEARCH_PATHS = "$(inherited) @executable_path/Frameworks @loader_path/Frameworks";
				PRODUCT_BUNDLE_IDENTIFIER = tdc.edu.vn.gameTests;
				PRODUCT_NAME = "$(TARGET_NAME)";
				SWIFT_VERSION = 4.0;
				TARGETED_DEVICE_FAMILY = "1,2";
				TEST_HOST = "$(BUILT_PRODUCTS_DIR)/game.app/game";
			};
			name = Debug;
		};
		596E46D422A2C58B00DD08FA /* Release */ = {
			isa = XCBuildConfiguration;
			buildSettings = {
				ALWAYS_EMBED_SWIFT_STANDARD_LIBRARIES = YES;
				BUNDLE_LOADER = "$(TEST_HOST)";
				CODE_SIGN_STYLE = Automatic;
				INFOPLIST_FILE = gameTests/Info.plist;
				LD_RUNPATH_SEARCH_PATHS = "$(inherited) @executable_path/Frameworks @loader_path/Frameworks";
				PRODUCT_BUNDLE_IDENTIFIER = tdc.edu.vn.gameTests;
				PRODUCT_NAME = "$(TARGET_NAME)";
				SWIFT_VERSION = 4.0;
				TARGETED_DEVICE_FAMILY = "1,2";
				TEST_HOST = "$(BUILT_PRODUCTS_DIR)/game.app/game";
			};
			name = Release;
		};
/* End XCBuildConfiguration section */

/* Begin XCConfigurationList section */
		596E46AD22A2C58A00DD08FA /* Build configuration list for PBXProject "game" */ = {
			isa = XCConfigurationList;
			buildConfigurations = (
				596E46CD22A2C58B00DD08FA /* Debug */,
				596E46CE22A2C58B00DD08FA /* Release */,
			);
			defaultConfigurationIsVisible = 0;
			defaultConfigurationName = Release;
		};
		596E46CF22A2C58B00DD08FA /* Build configuration list for PBXNativeTarget "game" */ = {
			isa = XCConfigurationList;
			buildConfigurations = (
				596E46D022A2C58B00DD08FA /* Debug */,
				596E46D122A2C58B00DD08FA /* Release */,
			);
			defaultConfigurationIsVisible = 0;
			defaultConfigurationName = Release;
		};
		596E46D222A2C58B00DD08FA /* Build configuration list for PBXNativeTarget "gameTests" */ = {
			isa = XCConfigurationList;
			buildConfigurations = (
				596E46D322A2C58B00DD08FA /* Debug */,
				596E46D422A2C58B00DD08FA /* Release */,
			);
			defaultConfigurationIsVisible = 0;
			defaultConfigurationName = Release;
		};
/* End XCConfigurationList section */
	};
	rootObject = 596E46AA22A2C58A00DD08FA /* Project object */;
}
